
Microsoft Visual Studio Solution File, Format Version 12.00
Project("{FAE04EC0-301F-11D3-BF4B-00C04F79EFBC}") = "WebAPI", "WebAPI\WebAPI.csproj", "{063F5F6F-8776-4206-A77E-2C69858011E4}"
EndProject
Project("{FAE04EC0-301F-11D3-BF4B-00C04F79EFBC}") = "HttpClients", "HttpClients\HttpClients.csproj", "{B2C074D9-75E3-42B7-A415-191CFE0FA778}"
EndProject
Project("{FAE04EC0-301F-11D3-BF4B-00C04F79EFBC}") = "Domain", "Domain\Domain.csproj", "{5D7A9092-17B0-43CD-A7E2-FE2D50E006D9}"
EndProject
Project("{FAE04EC0-301F-11D3-BF4B-00C04F79EFBC}") = "EfcDataAccess", "EfcDataAccess\EfcDataAccess.csproj", "{4F10076E-FF97-41EA-A131-30969F687A71}"
EndProject
Project("{FAE04EC0-301F-11D3-BF4B-00C04F79EFBC}") = "UnitTests", "UnitTests\UnitTests.csproj", "{A7591DF5-02AB-43B6-8747-BD741EA7780C}"
EndProject
Global
	GlobalSection(SolutionConfigurationPlatforms) = preSolution
		Debug|Any CPU = Debug|Any CPU
		Release|Any CPU = Release|Any CPU
	EndGlobalSection
	GlobalSection(ProjectConfigurationPlatforms) = postSolution
		{063F5F6F-8776-4206-A77E-2C69858011E4}.Debug|Any CPU.ActiveCfg = Debug|Any CPU
		{063F5F6F-8776-4206-A77E-2C69858011E4}.Debug|Any CPU.Build.0 = Debug|Any CPU
		{063F5F6F-8776-4206-A77E-2C69858011E4}.Release|Any CPU.ActiveCfg = Release|Any CPU
		{063F5F6F-8776-4206-A77E-2C69858011E4}.Release|Any CPU.Build.0 = Release|Any CPU
		{B2C074D9-75E3-42B7-A415-191CFE0FA778}.Debug|Any CPU.ActiveCfg = Debug|Any CPU
		{B2C074D9-75E3-42B7-A415-191CFE0FA778}.Debug|Any CPU.Build.0 = Debug|Any CPU
		{B2C074D9-75E3-42B7-A415-191CFE0FA778}.Release|Any CPU.ActiveCfg = Release|Any CPU
		{B2C074D9-75E3-42B7-A415-191CFE0FA778}.Release|Any CPU.Build.0 = Release|Any CPU
		{5D7A9092-17B0-43CD-A7E2-FE2D50E006D9}.Debug|Any CPU.ActiveCfg = Debug|Any CPU
		{5D7A9092-17B0-43CD-A7E2-FE2D50E006D9}.Debug|Any CPU.Build.0 = Debug|Any CPU
		{5D7A9092-17B0-43CD-A7E2-FE2D50E006D9}.Release|Any CPU.ActiveCfg = Release|Any CPU
		{5D7A9092-17B0-43CD-A7E2-FE2D50E006D9}.Release|Any CPU.Build.0 = Release|Any CPU
		{4F10076E-FF97-41EA-A131-30969F687A71}.Debug|Any CPU.ActiveCfg = Debug|Any CPU
		{4F10076E-FF97-41EA-A131-30969F687A71}.Debug|Any CPU.Build.0 = Debug|Any CPU
		{4F10076E-FF97-41EA-A131-30969F687A71}.Release|Any CPU.ActiveCfg = Release|Any CPU
		{4F10076E-FF97-41EA-A131-30969F687A71}.Release|Any CPU.Build.0 = Release|Any CPU
		{A7591DF5-02AB-43B6-8747-BD741EA7780C}.Debug|Any CPU.ActiveCfg = Debug|Any CPU
		{A7591DF5-02AB-43B6-8747-BD741EA7780C}.Debug|Any CPU.Build.0 = Debug|Any CPU
		{A7591DF5-02AB-43B6-8747-BD741EA7780C}.Release|Any CPU.ActiveCfg = Release|Any CPU
		{A7591DF5-02AB-43B6-8747-BD741EA7780C}.Release|Any CPU.Build.0 = Release|Any CPU
	EndGlobalSection
EndGlobal
